
Microsoft Visual Studio Solution File, Format Version 10.00
# Visual Studio 2008
Project("{D183A3D8-5FD8-494B-B014-37F57B35E655}") = "PT_COB_LOADER_OUTBOUND", "PT_COB_LOADER_OUTBOUND\PT_COB_LOADER_OUTBOUND.dtproj", "{4A5DDEC7-B864-4523-9A06-49C94B17445E}"
EndProject
Global
	GlobalSection(SolutionConfigurationPlatforms) = preSolution
		Development|Default = Development|Default
	EndGlobalSection
	GlobalSection(ProjectConfigurationPlatforms) = postSolution
		{4A5DDEC7-B864-4523-9A06-49C94B17445E}.Development|Default.ActiveCfg = Development
		{4A5DDEC7-B864-4523-9A06-49C94B17445E}.Development|Default.Build.0 = Development
	EndGlobalSection
	GlobalSection(SolutionProperties) = preSolution
		HideSolutionNode = FALSE
	EndGlobalSection
EndGlobal
